
Microsoft Visual Studio Solution File, Format Version 12.00
# Visual Studio Version 17
VisualStudioVersion = 17.12.35527.113
MinimumVisualStudioVersion = 10.0.40219.1
Project("{FAE04EC0-301F-11D3-BF4B-00C04F79EFBC}") = "BulkyWeb", "BulkyWeb\BulkyWeb.csproj", "{2C7DC506-5EAC-49DC-8DFA-A61DE03E392C}"
EndProject
Project("{FAE04EC0-301F-11D3-BF4B-00C04F79EFBC}") = "Bulky.DataAccess", "Bulky.DataAccess\Bulky.DataAccess.csproj", "{0FC88BCB-82EE-4FD9-A8AB-954E9A493F63}"
EndProject
Project("{FAE04EC0-301F-11D3-BF4B-00C04F79EFBC}") = "Bulky.Models", "Bulky.Models\Bulky.Models.csproj", "{F7269F33-B401-439F-9D4C-F300B49EB6A5}"
EndProject
Project("{FAE04EC0-301F-11D3-BF4B-00C04F79EFBC}") = "Bulky.Utilities", "Bulky.Utilities\Bulky.Utilities.csproj", "{30F38FB1-75F8-41DB-94F1-F1409E770D68}"
EndProject
Global
	GlobalSection(SolutionConfigurationPlatforms) = preSolution
		Debug|Any CPU = Debug|Any CPU
		Release|Any CPU = Release|Any CPU
	EndGlobalSection
	GlobalSection(ProjectConfigurationPlatforms) = postSolution
		{2C7DC506-5EAC-49DC-8DFA-A61DE03E392C}.Debug|Any CPU.ActiveCfg = Debug|Any CPU
		{2C7DC506-5EAC-49DC-8DFA-A61DE03E392C}.Debug|Any CPU.Build.0 = Debug|Any CPU
		{2C7DC506-5EAC-49DC-8DFA-A61DE03E392C}.Release|Any CPU.ActiveCfg = Release|Any CPU
		{2C7DC506-5EAC-49DC-8DFA-A61DE03E392C}.Release|Any CPU.Build.0 = Release|Any CPU
		{0FC88BCB-82EE-4FD9-A8AB-954E9A493F63}.Debug|Any CPU.ActiveCfg = Debug|Any CPU
		{0FC88BCB-82EE-4FD9-A8AB-954E9A493F63}.Debug|Any CPU.Build.0 = Debug|Any CPU
		{0FC88BCB-82EE-4FD9-A8AB-954E9A493F63}.Release|Any CPU.ActiveCfg = Release|Any CPU
		{0FC88BCB-82EE-4FD9-A8AB-954E9A493F63}.Release|Any CPU.Build.0 = Release|Any CPU
		{F7269F33-B401-439F-9D4C-F300B49EB6A5}.Debug|Any CPU.ActiveCfg = Debug|Any CPU
		{F7269F33-B401-439F-9D4C-F300B49EB6A5}.Debug|Any CPU.Build.0 = Debug|Any CPU
		{F7269F33-B401-439F-9D4C-F300B49EB6A5}.Release|Any CPU.ActiveCfg = Release|Any CPU
		{F7269F33-B401-439F-9D4C-F300B49EB6A5}.Release|Any CPU.Build.0 = Release|Any CPU
		{30F38FB1-75F8-41DB-94F1-F1409E770D68}.Debug|Any CPU.ActiveCfg = Debug|Any CPU
		{30F38FB1-75F8-41DB-94F1-F1409E770D68}.Debug|Any CPU.Build.0 = Debug|Any CPU
		{30F38FB1-75F8-41DB-94F1-F1409E770D68}.Release|Any CPU.ActiveCfg = Release|Any CPU
		{30F38FB1-75F8-41DB-94F1-F1409E770D68}.Release|Any CPU.Build.0 = Release|Any CPU
	EndGlobalSection
	GlobalSection(SolutionProperties) = preSolution
		HideSolutionNode = FALSE
	EndGlobalSection
EndGlobal
